{
  "name": "launch-countdown-timer",
  "lockfileVersion": 3,
  "requires": true,
  "packages": {
    "": {
      "dependencies": {
        "@pqina/tick": "^1.8.2"
      }
    },
    "node_modules/@pqina/tick": {
      "version": "1.8.2",
      "resolved": "https://registry.npmjs.org/@pqina/tick/-/tick-1.8.2.tgz",
      "integrity": "sha512-71E8GC4+zvV2wnnSPU1PWZaDCRP31B+/w+UDUzcWws7nVX7k2FPugFJZyn/Y4/49ogJnR7ymDgiulwou+606JQ=="
    }
  }
}
